
Microsoft Visual Studio Solution File, Format Version 12.00
# Visual Studio Version 17
VisualStudioVersion = 17.8.34601.278
MinimumVisualStudioVersion = 10.0.40219.1
Project("{FAE04EC0-301F-11D3-BF4B-00C04F79EFBC}") = "Module04Activity01", "Module04Activity01\Module04Activity01.csproj", "{78269A0A-82BA-4405-BABE-6FD7E03EA1B8}"
EndProject
Global
	GlobalSection(SolutionConfigurationPlatforms) = preSolution
		Debug|Any CPU = Debug|Any CPU
		Release|Any CPU = Release|Any CPU
	EndGlobalSection
	GlobalSection(ProjectConfigurationPlatforms) = postSolution
		{78269A0A-82BA-4405-BABE-6FD7E03EA1B8}.Debug|Any CPU.ActiveCfg = Debug|Any CPU
		{78269A0A-82BA-4405-BABE-6FD7E03EA1B8}.Debug|Any CPU.Build.0 = Debug|Any CPU
		{78269A0A-82BA-4405-BABE-6FD7E03EA1B8}.Debug|Any CPU.Deploy.0 = Debug|Any CPU
		{78269A0A-82BA-4405-BABE-6FD7E03EA1B8}.Release|Any CPU.ActiveCfg = Release|Any CPU
		{78269A0A-82BA-4405-BABE-6FD7E03EA1B8}.Release|Any CPU.Build.0 = Release|Any CPU
		{78269A0A-82BA-4405-BABE-6FD7E03EA1B8}.Release|Any CPU.Deploy.0 = Release|Any CPU
	EndGlobalSection
	GlobalSection(SolutionProperties) = preSolution
		HideSolutionNode = FALSE
	EndGlobalSection
	GlobalSection(ExtensibilityGlobals) = postSolution
		SolutionGuid = {62792DA9-DBE1-496C-8CF6-3E31A74C1E25}
	EndGlobalSection
EndGlobal
